
Microsoft Visual Studio Solution File, Format Version 12.00
# Visual Studio 14
VisualStudioVersion = 14.0.23107.0
MinimumVisualStudioVersion = 10.0.40219.1
Project("{FAE04EC0-301F-11D3-BF4B-00C04F79EFBC}") = "IncomeViewer", "IncomeViewer\IncomeViewer.csproj", "{0C6EEE75-00E0-42DB-B6D9-4D6BB812EB8B}"
EndProject
Project("{FAE04EC0-301F-11D3-BF4B-00C04F79EFBC}") = "IncomeVIewer.Tests", "IncomeVIewer.Tests\IncomeVIewer.Tests.csproj", "{EE60888A-5880-4ACD-B73F-3BDD32FAFB91}"
EndProject
Global
	GlobalSection(SolutionConfigurationPlatforms) = preSolution
		Debug|Any CPU = Debug|Any CPU
		Release|Any CPU = Release|Any CPU
	EndGlobalSection
	GlobalSection(ProjectConfigurationPlatforms) = postSolution
		{0C6EEE75-00E0-42DB-B6D9-4D6BB812EB8B}.Debug|Any CPU.ActiveCfg = Debug|Any CPU
		{0C6EEE75-00E0-42DB-B6D9-4D6BB812EB8B}.Debug|Any CPU.Build.0 = Debug|Any CPU
		{0C6EEE75-00E0-42DB-B6D9-4D6BB812EB8B}.Release|Any CPU.ActiveCfg = Release|Any CPU
		{0C6EEE75-00E0-42DB-B6D9-4D6BB812EB8B}.Release|Any CPU.Build.0 = Release|Any CPU
		{EE60888A-5880-4ACD-B73F-3BDD32FAFB91}.Debug|Any CPU.ActiveCfg = Debug|Any CPU
		{EE60888A-5880-4ACD-B73F-3BDD32FAFB91}.Debug|Any CPU.Build.0 = Debug|Any CPU
		{EE60888A-5880-4ACD-B73F-3BDD32FAFB91}.Release|Any CPU.ActiveCfg = Release|Any CPU
		{EE60888A-5880-4ACD-B73F-3BDD32FAFB91}.Release|Any CPU.Build.0 = Release|Any CPU
	EndGlobalSection
	GlobalSection(SolutionProperties) = preSolution
		HideSolutionNode = FALSE
	EndGlobalSection
EndGlobal
